
Microsoft Visual Studio Solution File, Format Version 12.00
# Visual Studio 15
VisualStudioVersion = 15.0.28307.271
MinimumVisualStudioVersion = 10.0.40219.1
Project("{FAE04EC0-301F-11D3-BF4B-00C04F79EFBC}") = "DelegatesAndEvents", "DelegatesAndEvents\DelegatesAndEvents.csproj", "{6B731C6D-1C40-416E-BCF9-9381D3A74B28}"
EndProject
Global
	GlobalSection(SolutionConfigurationPlatforms) = preSolution
		Debug|Any CPU = Debug|Any CPU
		Release|Any CPU = Release|Any CPU
	EndGlobalSection
	GlobalSection(ProjectConfigurationPlatforms) = postSolution
		{6B731C6D-1C40-416E-BCF9-9381D3A74B28}.Debug|Any CPU.ActiveCfg = Debug|Any CPU
		{6B731C6D-1C40-416E-BCF9-9381D3A74B28}.Debug|Any CPU.Build.0 = Debug|Any CPU
		{6B731C6D-1C40-416E-BCF9-9381D3A74B28}.Release|Any CPU.ActiveCfg = Release|Any CPU
		{6B731C6D-1C40-416E-BCF9-9381D3A74B28}.Release|Any CPU.Build.0 = Release|Any CPU
	EndGlobalSection
	GlobalSection(SolutionProperties) = preSolution
		HideSolutionNode = FALSE
	EndGlobalSection
	GlobalSection(ExtensibilityGlobals) = postSolution
		SolutionGuid = {3E32D526-A253-4D2D-8DCF-4A6E982CC56C}
	EndGlobalSection
EndGlobal
